
Microsoft Visual Studio Solution File, Format Version 12.00
# Visual Studio Version 16
VisualStudioVersion = 16.0.31829.152
MinimumVisualStudioVersion = 10.0.40219.1
Project("{8BC9CEB8-8B4A-11D0-8D11-00A0C91BC942}") = "Lab_7.1", "Lab_7.1.vcxproj", "{B1996453-369C-4F62-98BC-D67986551915}"
EndProject
Project("{8BC9CEB8-8B4A-11D0-8D11-00A0C91BC942}") = "UnitTest1", "..\UnitTest1\UnitTest1.vcxproj", "{7BE1AC0F-86C7-403E-A3D1-7F20D3A931DB}"
EndProject
Global
	GlobalSection(SolutionConfigurationPlatforms) = preSolution
		Debug|x64 = Debug|x64
		Debug|x86 = Debug|x86
		Release|x64 = Release|x64
		Release|x86 = Release|x86
	EndGlobalSection
	GlobalSection(ProjectConfigurationPlatforms) = postSolution
		{B1996453-369C-4F62-98BC-D67986551915}.Debug|x64.ActiveCfg = Debug|x64
		{B1996453-369C-4F62-98BC-D67986551915}.Debug|x64.Build.0 = Debug|x64
		{B1996453-369C-4F62-98BC-D67986551915}.Debug|x86.ActiveCfg = Debug|Win32
		{B1996453-369C-4F62-98BC-D67986551915}.Debug|x86.Build.0 = Debug|Win32
		{B1996453-369C-4F62-98BC-D67986551915}.Release|x64.ActiveCfg = Release|x64
		{B1996453-369C-4F62-98BC-D67986551915}.Release|x64.Build.0 = Release|x64
		{B1996453-369C-4F62-98BC-D67986551915}.Release|x86.ActiveCfg = Release|Win32
		{B1996453-369C-4F62-98BC-D67986551915}.Release|x86.Build.0 = Release|Win32
		{7BE1AC0F-86C7-403E-A3D1-7F20D3A931DB}.Debug|x64.ActiveCfg = Debug|x64
		{7BE1AC0F-86C7-403E-A3D1-7F20D3A931DB}.Debug|x64.Build.0 = Debug|x64
		{7BE1AC0F-86C7-403E-A3D1-7F20D3A931DB}.Debug|x86.ActiveCfg = Debug|Win32
		{7BE1AC0F-86C7-403E-A3D1-7F20D3A931DB}.Debug|x86.Build.0 = Debug|Win32
		{7BE1AC0F-86C7-403E-A3D1-7F20D3A931DB}.Release|x64.ActiveCfg = Release|x64
		{7BE1AC0F-86C7-403E-A3D1-7F20D3A931DB}.Release|x64.Build.0 = Release|x64
		{7BE1AC0F-86C7-403E-A3D1-7F20D3A931DB}.Release|x86.ActiveCfg = Release|Win32
		{7BE1AC0F-86C7-403E-A3D1-7F20D3A931DB}.Release|x86.Build.0 = Release|Win32
	EndGlobalSection
	GlobalSection(SolutionProperties) = preSolution
		HideSolutionNode = FALSE
	EndGlobalSection
	GlobalSection(ExtensibilityGlobals) = postSolution
		SolutionGuid = {A2E36C22-04D9-4C60-B203-555F65517F8D}
	EndGlobalSection
EndGlobal
